{
  "name": "openroberta-web",
  "version": "1.0.0",
  "lockfileVersion": 1,
  "requires": true,
  "dependencies": {
    "@cor3ntin/flexbuffers-wasm": {
      "version": "0.0.18",
      "resolved": "https://registry.npmjs.org/@cor3ntin/flexbuffers-wasm/-/flexbuffers-wasm-0.0.18.tgz",
      "integrity": "sha512-zMcpz4WwC9oNDkiXMcP9OLkUnpkKpjjg0H4vSuCT6sDYkvDfv37TqGHJo9EYfPpW9yaKhImxVVEayFS14jILnw=="
    },
    "@types/bootstrap": {
      "version": "3.3.28",
      "resolved": "https://registry.npmjs.org/@types/bootstrap/-/bootstrap-3.3.28.tgz",
      "integrity": "sha1-XI+2ezCUTSAqXslJqS+ggpC7l0s=",
      "dev": true,
      "requires": {
        "@types/jquery": "1.10.*"
      },
      "dependencies": {
        "@types/jquery": {
          "version": "1.10.36",
          "resolved": "https://registry.npmjs.org/@types/jquery/-/jquery-1.10.36.tgz",
          "integrity": "sha512-ABu01ZHcqx2lA9s2CL8x+BfCXmi4BB10aH/LDhBz0I0QgzzhUmxmBuFXQoK3U3dL0RoGYnNpfJC0w5bbH7ZbTg==",
          "dev": true
        }
      }
    },
    "@types/d3": {
      "version": "3.5.43",
      "resolved": "https://registry.npmjs.org/@types/d3/-/d3-3.5.43.tgz",
      "integrity": "sha512-t9ZmXOcpVxywRw86YtIC54g7M9puRh8hFedRvVfHKf5YyOP6pSxA0TvpXpfseXSCInoW4P7bggTrSDiUOs4g5w=="
    },
    "@types/flatbuffers": {
      "version": "1.10.0",
      "resolved": "https://registry.npmjs.org/@types/flatbuffers/-/flatbuffers-1.10.0.tgz",
      "integrity": "sha512-7btbphLrKvo5yl/5CC2OCxUSMx1wV1wvGT1qDXkSt7yi00/YW7E8k6qzXqJHsp+WU0eoG7r6MTQQXI9lIvd0qA=="
    },
    "@types/jquery": {
      "version": "3.5.5",
      "resolved": "https://registry.npmjs.org/@types/jquery/-/jquery-3.5.5.tgz",
      "integrity": "sha512-6RXU9Xzpc6vxNrS6FPPapN1SxSHgQ336WC6Jj/N8q30OiaBZ00l1GBgeP7usjVZPivSkGUfL1z/WW6TX989M+w==",
      "requires": {
        "@types/sizzle": "*"
      }
    },
    "@types/jquery.validation": {
      "version": "1.16.7",
      "resolved": "https://registry.npmjs.org/@types/jquery.validation/-/jquery.validation-1.16.7.tgz",
      "integrity": "sha512-auRrFzVUOOg7jcLMGyEhvKAC84e8/Tu27wJXDLk3NZ0XCKGZWHYm7livBEjRs3LkB4vGnMKqWXBBnRpmCO9mhQ==",
      "dev": true,
      "requires": {
        "@types/jquery": "*"
      }
    },
    "@types/lodash": {
      "version": "4.14.184",
      "resolved": "https://registry.npmjs.org/@types/lodash/-/lodash-4.14.184.tgz",
      "integrity": "sha512-RoZphVtHbxPZizt4IcILciSWiC6dcn+eZ8oX9IWEYfDMcocdd42f7NPI6fQj+6zI8y4E0L7gu2pcZKLGTRaV9Q=="
    },
    "@types/lodash.isequal": {
      "version": "4.5.6",
      "resolved": "https://registry.npmjs.org/@types/lodash.isequal/-/lodash.isequal-4.5.6.tgz",
      "integrity": "sha512-Ww4UGSe3DmtvLLJm2F16hDwEQSv7U0Rr8SujLUA2wHI2D2dm8kPu6Et+/y303LfjTIwSBKXB/YTUcAKpem/XEg==",
      "requires": {
        "@types/lodash": "*"
      }
    },
    "@types/sizzle": {
      "version": "2.3.2",
      "resolved": "https://registry.npmjs.org/@types/sizzle/-/sizzle-2.3.2.tgz",
      "integrity": "sha512-7EJYyKTL7tFR8+gDbB6Wwz/arpGa0Mywk1TJbNzKzHtzbwVmY4HR9WqS5VV7dsBUKQmPNr192jHr/VpBluj/hg=="
    },
    "d3": {
      "version": "3.5.17",
      "resolved": "https://registry.npmjs.org/d3/-/d3-3.5.17.tgz",
      "integrity": "sha1-vEZ0gAQ3iyGjYMn8fPUjF5B2L7g="
    },
    "isomorphic-ws": {
      "version": "5.0.0",
      "resolved": "https://registry.npmjs.org/isomorphic-ws/-/isomorphic-ws-5.0.0.tgz",
      "integrity": "sha512-muId7Zzn9ywDsyXgTIafTry2sV3nySZeUDe6YedVd1Hvuuep5AsIlqK+XefWpYTyJG5e503F2xIuT2lcU6rCSw==",
      "requires": {}
    },
    "lodash.isequal": {
      "version": "4.5.0",
      "resolved": "https://registry.npmjs.org/lodash.isequal/-/lodash.isequal-4.5.0.tgz",
      "integrity": "sha512-pDo3lu8Jhfjqls6GkMgpahsF9kCyayhgykjyLMNFTKWrpVdAQtYyB4muAMWozBB4ig/dtWAmsMxLEI8wuz+DYQ=="
    },
    "prettier": {
      "version": "2.4.1",
      "resolved": "https://registry.npmjs.org/prettier/-/prettier-2.4.1.tgz",
      "integrity": "sha512-9fbDAXSBcc6Bs1mZrDYb3XKzDLm4EXXL9sC1LqKP5rZkT6KRr/rf9amVUcODVXgguK/isJz0d0hP72WeaKWsvA==",
      "dev": true
    },
    "typescript": {
      "version": "4.7.3",
      "resolved": "https://registry.npmjs.org/typescript/-/typescript-4.7.3.tgz",
      "integrity": "sha512-WOkT3XYvrpXx4vMMqlD+8R8R37fZkjyLGlxavMc4iB8lrl8L0DeTcHbYgw/v0N/z9wAFsgBhcsF0ruoySS22mA==",
      "dev": true
    },
    "ws": {
      "version": "8.8.1",
      "resolved": "https://registry.npmjs.org/ws/-/ws-8.8.1.tgz",
      "integrity": "sha512-bGy2JzvzkPowEJV++hF07hAD6niYSr0JzBNo/J29WsB57A2r7Wlc1UFcTR9IzrPvuNVO4B8LGqF8qcpsVOhJCA==",
      "peer": true,
      "requires": {}
    }
  }
}
