{
  "name": "TypeScriptSources",
  "version": "1.0.0",
  "lockfileVersion": 1,
  "requires": true,
  "dependencies": {
    "@types/bootstrap": {
      "version": "3.3.28",
      "resolved": "https://registry.npmjs.org/@types/bootstrap/-/bootstrap-3.3.28.tgz",
      "integrity": "sha1-XI+2ezCUTSAqXslJqS+ggpC7l0s=",
      "dev": true,
      "requires": {
        "@types/jquery": "1.10.*"
      },
      "dependencies": {
        "@types/jquery": {
          "version": "1.10.36",
          "resolved": "https://registry.npmjs.org/@types/jquery/-/jquery-1.10.36.tgz",
          "integrity": "sha512-ABu01ZHcqx2lA9s2CL8x+BfCXmi4BB10aH/LDhBz0I0QgzzhUmxmBuFXQoK3U3dL0RoGYnNpfJC0w5bbH7ZbTg==",
          "dev": true
        }
      }
    },
    "@types/d3": {
      "version": "3.5.43",
      "resolved": "https://registry.npmjs.org/@types/d3/-/d3-3.5.43.tgz",
      "integrity": "sha512-t9ZmXOcpVxywRw86YtIC54g7M9puRh8hFedRvVfHKf5YyOP6pSxA0TvpXpfseXSCInoW4P7bggTrSDiUOs4g5w=="
    },
    "@types/jquery": {
      "version": "3.5.5",
      "resolved": "https://registry.npmjs.org/@types/jquery/-/jquery-3.5.5.tgz",
      "integrity": "sha512-6RXU9Xzpc6vxNrS6FPPapN1SxSHgQ336WC6Jj/N8q30OiaBZ00l1GBgeP7usjVZPivSkGUfL1z/WW6TX989M+w==",
      "requires": {
        "@types/sizzle": "*"
      }
    },
    "@types/node": {
      "version": "14.11.8",
      "resolved": "https://registry.npmjs.org/@types/node/-/node-14.11.8.tgz",
      "integrity": "sha512-KPcKqKm5UKDkaYPTuXSx8wEP7vE9GnuaXIZKijwRYcePpZFDVuy2a57LarFKiORbHOuTOOwYzxVxcUzsh2P2Pw=="
    },
    "@types/sizzle": {
      "version": "2.3.2",
      "resolved": "https://registry.npmjs.org/@types/sizzle/-/sizzle-2.3.2.tgz",
      "integrity": "sha512-7EJYyKTL7tFR8+gDbB6Wwz/arpGa0Mywk1TJbNzKzHtzbwVmY4HR9WqS5VV7dsBUKQmPNr192jHr/VpBluj/hg=="
    },
    "d3": {
      "version": "3.5.17",
      "resolved": "https://registry.npmjs.org/d3/-/d3-3.5.17.tgz",
      "integrity": "sha1-vEZ0gAQ3iyGjYMn8fPUjF5B2L7g="
    },
    "typescript": {
      "version": "3.9.2",
      "resolved": "https://registry.npmjs.org/typescript/-/typescript-3.9.2.tgz",
      "integrity": "sha512-q2ktq4n/uLuNNShyayit+DTobV2ApPEo/6so68JaD5ojvc/6GClBipedB9zNWYxRSAlZXAe405Rlijzl6qDiSw==",
      "dev": true
    }
  }
}
